
Microsoft Visual Studio Solution File, Format Version 12.00
Project("{2150E333-8FDC-42A3-9474-1A3956D46DE8}") = "FrontEnd", "FrontEnd", "{778E00DA-2666-4BCE-BB16-8F8E6F66BBD0}"
EndProject
Project("{2150E333-8FDC-42A3-9474-1A3956D46DE8}") = "Geteway", "Geteway", "{F8DAFACE-F208-4298-873F-431AD1B00241}"
EndProject
Project("{2150E333-8FDC-42A3-9474-1A3956D46DE8}") = "Integration", "Integration", "{BF8C60B6-4982-42EE-A42E-4EB8505D7DF1}"
EndProject
Project("{2150E333-8FDC-42A3-9474-1A3956D46DE8}") = "Services", "Services", "{27AACF95-A372-4C1C-B7F3-13637D06E599}"
EndProject
Project("{FAE04EC0-301F-11D3-BF4B-00C04F79EFBC}") = "Mango.Services.CouponAPI", "Mango.Services.CouponAPI\Mango.Services.CouponAPI.csproj", "{68613DE3-5FFC-4880-A46F-0500EFDBBC0B}"
EndProject
Project("{FAE04EC0-301F-11D3-BF4B-00C04F79EFBC}") = "Mango.Web", "Mango.Web\Mango.Web.csproj", "{DFD43F68-0D1D-4EFC-A819-011FD63CF8E1}"
EndProject
Project("{FAE04EC0-301F-11D3-BF4B-00C04F79EFBC}") = "Mango.Services.AuthAPI", "Mango.Services.AuthAPI\Mango.Services.AuthAPI.csproj", "{22877478-89AB-46AD-BFC0-992CD0BAB60B}"
EndProject
Project("{FAE04EC0-301F-11D3-BF4B-00C04F79EFBC}") = "Mango.Services.ProductAPI", "Mango.Services.ProductAPI\Mango.Services.ProductAPI.csproj", "{2C09BCB1-6FDF-47D0-9BC3-1E2186681D77}"
EndProject
Global
	GlobalSection(SolutionConfigurationPlatforms) = preSolution
		Debug|Any CPU = Debug|Any CPU
		Release|Any CPU = Release|Any CPU
	EndGlobalSection
	GlobalSection(NestedProjects) = preSolution
		{68613DE3-5FFC-4880-A46F-0500EFDBBC0B} = {27AACF95-A372-4C1C-B7F3-13637D06E599}
		{DFD43F68-0D1D-4EFC-A819-011FD63CF8E1} = {778E00DA-2666-4BCE-BB16-8F8E6F66BBD0}
		{22877478-89AB-46AD-BFC0-992CD0BAB60B} = {27AACF95-A372-4C1C-B7F3-13637D06E599}
		{2C09BCB1-6FDF-47D0-9BC3-1E2186681D77} = {27AACF95-A372-4C1C-B7F3-13637D06E599}
	EndGlobalSection
	GlobalSection(ProjectConfigurationPlatforms) = postSolution
		{68613DE3-5FFC-4880-A46F-0500EFDBBC0B}.Debug|Any CPU.ActiveCfg = Debug|Any CPU
		{68613DE3-5FFC-4880-A46F-0500EFDBBC0B}.Debug|Any CPU.Build.0 = Debug|Any CPU
		{68613DE3-5FFC-4880-A46F-0500EFDBBC0B}.Release|Any CPU.ActiveCfg = Release|Any CPU
		{68613DE3-5FFC-4880-A46F-0500EFDBBC0B}.Release|Any CPU.Build.0 = Release|Any CPU
		{DFD43F68-0D1D-4EFC-A819-011FD63CF8E1}.Debug|Any CPU.ActiveCfg = Debug|Any CPU
		{DFD43F68-0D1D-4EFC-A819-011FD63CF8E1}.Debug|Any CPU.Build.0 = Debug|Any CPU
		{DFD43F68-0D1D-4EFC-A819-011FD63CF8E1}.Release|Any CPU.ActiveCfg = Release|Any CPU
		{DFD43F68-0D1D-4EFC-A819-011FD63CF8E1}.Release|Any CPU.Build.0 = Release|Any CPU
		{22877478-89AB-46AD-BFC0-992CD0BAB60B}.Debug|Any CPU.ActiveCfg = Debug|Any CPU
		{22877478-89AB-46AD-BFC0-992CD0BAB60B}.Debug|Any CPU.Build.0 = Debug|Any CPU
		{22877478-89AB-46AD-BFC0-992CD0BAB60B}.Release|Any CPU.ActiveCfg = Release|Any CPU
		{22877478-89AB-46AD-BFC0-992CD0BAB60B}.Release|Any CPU.Build.0 = Release|Any CPU
		{2C09BCB1-6FDF-47D0-9BC3-1E2186681D77}.Debug|Any CPU.ActiveCfg = Debug|Any CPU
		{2C09BCB1-6FDF-47D0-9BC3-1E2186681D77}.Debug|Any CPU.Build.0 = Debug|Any CPU
		{2C09BCB1-6FDF-47D0-9BC3-1E2186681D77}.Release|Any CPU.ActiveCfg = Release|Any CPU
		{2C09BCB1-6FDF-47D0-9BC3-1E2186681D77}.Release|Any CPU.Build.0 = Release|Any CPU
	EndGlobalSection
EndGlobal
